<?xml version="1.0" encoding="UTF-8" standalone="yes" ?>
<CodeBlocks_project_file>
	<FileVersion major="1" minor="6" />
	<Project>
		<Option title="DocCreator" />
		<Option pch_mode="2" />
		<Option compiler="gcc" />
		<Build>
			<Target title="Debug">
				<Option output="bin/Debug/DocCreator" prefix_auto="1" extension_auto="1" />
				<Option object_output="obj/Debug/" />
				<Option type="1" />
				<Option compiler="gcc" />
				<Compiler>
					<Add option="-g" />
					<Add directory="../DocCreator" />
				</Compiler>
			</Target>
			<Target title="Release">
				<Option output="bin/Release/DocCreator" prefix_auto="1" extension_auto="1" />
				<Option object_output="obj/Release/" />
				<Option type="1" />
				<Option compiler="gcc" />
				<Compiler>
					<Add option="-O2" />
				</Compiler>
				<Linker>
					<Add option="-s" />
				</Linker>
			</Target>
		</Build>
		<Compiler>
			<Add option="-Wall" />
			<Add option="-fexceptions" />
		</Compiler>
		<Unit filename="Business.h" />
		<Unit filename="Certificate.h" />
		<Unit filename="Complaint_letter.h" />
		<Unit filename="Cover_page.h" />
		<Unit filename="Document code/Business.cpp" />
		<Unit filename="Document code/Certificate.cpp" />
		<Unit filename="Document code/Complaint_letter.cpp" />
		<Unit filename="Document code/Cover_page.cpp" />
		<Unit filename="Document code/Job_Application.cpp" />
		<Unit filename="Document code/Leave_Application.cpp" />
		<Unit filename="Document code/Medical_Certificate.cpp" />
		<Unit filename="Document code/Meeting_Minutes.cpp" />
		<Unit filename="Document code/Purchase_order.cpp" />
		<Unit filename="Document code/Quotation.cpp" />
		<Unit filename="Document code/Receipt.cpp" />
		<Unit filename="Document code/Recommendation.cpp" />
		<Unit filename="Document code/Salary_Slip.cpp" />
		<Unit filename="Document code/invoice.cpp" />
		<Unit filename="Document code/memo.cpp" />
		<Unit filename="Document code/notice.cpp" />
		<Unit filename="Document code/resume.cpp" />
		<Unit filename="Job_Application.h" />
		<Unit filename="Leave_Application.h" />
		<Unit filename="Medical_Certificate.h" />
		<Unit filename="Meeting_Minutes.h" />
		<Unit filename="Purchase_order.h" />
		<Unit filename="Quotation.h" />
		<Unit filename="Receipt.h" />
		<Unit filename="Recommendation.h" />
		<Unit filename="Salary_Slip.h" />
		<Unit filename="adbout.h" />
		<Unit filename="invoice.h" />
		<Unit filename="login.h" />
		<Unit filename="main.cpp" />
		<Unit filename="memo.h" />
		<Unit filename="notice.h" />
		<Unit filename="resume.h" />
		<Unit filename="utilities/adbout.cpp" />
		<Unit filename="utilities/login.cpp" />
		<Unit filename="utilities/zutils.cpp" />
		<Unit filename="zutils.h" />
		<Extensions>
			<lib_finder disable_auto="1" />
		</Extensions>
	</Project>
</CodeBlocks_project_file>
